
Microsoft Visual Studio Solution File, Format Version 12.00
# Visual Studio 15
VisualStudioVersion = 15.0.28307.168
MinimumVisualStudioVersion = 10.0.40219.1
Project("{FAE04EC0-301F-11D3-BF4B-00C04F79EFBC}") = "bobs-burgers", "bobs-burgers\bobs-burgers.csproj", "{27ADC738-CC0C-4984-A51F-451793EDEF4B}"
EndProject
Global
	GlobalSection(SolutionConfigurationPlatforms) = preSolution
		Debug|Any CPU = Debug|Any CPU
		Release|Any CPU = Release|Any CPU
	EndGlobalSection
	GlobalSection(ProjectConfigurationPlatforms) = postSolution
		{27ADC738-CC0C-4984-A51F-451793EDEF4B}.Debug|Any CPU.ActiveCfg = Debug|Any CPU
		{27ADC738-CC0C-4984-A51F-451793EDEF4B}.Debug|Any CPU.Build.0 = Debug|Any CPU
		{27ADC738-CC0C-4984-A51F-451793EDEF4B}.Release|Any CPU.ActiveCfg = Release|Any CPU
		{27ADC738-CC0C-4984-A51F-451793EDEF4B}.Release|Any CPU.Build.0 = Release|Any CPU
	EndGlobalSection
	GlobalSection(SolutionProperties) = preSolution
		HideSolutionNode = FALSE
	EndGlobalSection
	GlobalSection(ExtensibilityGlobals) = postSolution
		SolutionGuid = {A3C51695-BA41-417D-A591-F085C3B2FF37}
	EndGlobalSection
EndGlobal
